// !$*UTF8*$!
{
	archiveVersion = 1;
	classes = {
	};
	objectVersion = 46;
	objects = {

/* Begin PBXAggregateTarget section */
		F3B2BF440080AAE62C2CF5FD /* Parallax - All */ = {
			isa = PBXAggregateTarget;
			buildConfigurationList = 48653834560BC3C0929815E0;
			buildPhases = (
			);
			dependencies = (
				1E55EBCAADC66EF8A36BE492,
				A0808271D06C7CC23BDDBEA3,
				460E3C3F430443FDE4F59225,
			);
			name = "Parallax - All";
			productName = Parallax;
		};
/* End PBXAggregateTarget section */

/* Begin PBXBuildFile section */
		0164BE0C84C8AAD61F1EB8F5 /* include_juce_audio_formats.mm */ = {isa = PBXBuildFile; fileRef = A5A476524FECF614A879778B; };
		05A5A30F4FC833FC364CDA7A /* include_juce_audio_processors_headless.mm */ = {isa = PBXBuildFile; fileRef = 6999C846BA9EFB63FF9F9D96; };
		070F5D3CEBD65CD09E0F8C31 /* BinaryData.cpp */ = {isa = PBXBuildFile; fileRef = 68F05D4F0FBCDC9D4F0C8BB1; };
		08E8D5414126F02C537E47C0 /* RecentFilesMenuTemplate.nib */ = {isa = PBXBuildFile; fileRef = AB0872D956587BFF0F74CD77; };
		0C5F85725EB550CA6254CD1E /* include_juce_core_CompilationTime.cpp */ = {isa = PBXBuildFile; fileRef = C31F527710098DFF87570987; };
		18BBBED7C447205586717636 /* include_juce_audio_processors.mm */ = {isa = PBXBuildFile; fileRef = 586C2C4533D4A236CB1E7B16; };
		1B3AFF5D5D774919ED6F23BF /* Accelerate.framework */ = {isa = PBXBuildFile; fileRef = FCA9B25739FFE7A1F46EAE6C; };
		1F4F0EEAF7DB95D0897BAD8C /* CoreMIDI.framework */ = {isa = PBXBuildFile; fileRef = E77B8E184D960F7F94EE99D7; };
		285452A8BED842688577A520 /* include_juce_audio_devices.mm */ = {isa = PBXBuildFile; fileRef = E89649CB43FCC405E9F38324; };
		2868DD951B4388C1607DFAF5 /* include_juce_audio_basics.mm */ = {isa = PBXBuildFile; fileRef = 8B57FED80DE17C6CDBB9B950; };
		38CA40E4241A32E4A05205D9 /* include_juce_events.mm */ = {isa = PBXBuildFile; fileRef = 545B9228C91D36DCCCFC697B; };
		3970E5A2BAC6B043EED30D8D /* include_juce_core.mm */ = {isa = PBXBuildFile; fileRef = 27895FA4528612F36A152744; };
		3C8B5B731C0CB11222DB6034 /* include_juce_graphics_Harfbuzz.cpp */ = {isa = PBXBuildFile; fileRef = B978EBE80E0979E5D8577F99; };
		4AD1E9370AB7B6354D613E5A /* include_juce_audio_utils.mm */ = {isa = PBXBuildFile; fileRef = 5094455DAEBFD46120991755; };
		4E61C796ED89B8EADDBEFA10 /* Metal.framework */ = {isa = PBXBuildFile; fileRef = 5D4320A782E983C723D9F24D; settings = { ATTRIBUTES = (Weak, ); }; };
		541C57C2E8B7A7A2D65D0FBD /* include_juce_audio_processors_headless_ara.cpp */ = {isa = PBXBuildFile; fileRef = A03FB88687C1076630F7413F; };
		5EBD07E8ABE81730B4770A3C /* include_juce_audio_plugin_client_VST3.mm */ = {isa = PBXBuildFile; fileRef = 55608DEB50FCC9FA7A0A39D0; };
		666BAA9CA35514A45B8D0482 /* include_juce_gui_extra.mm */ = {isa = PBXBuildFile; fileRef = 0051651E630E418FE0FD19EC; };
		72DBB5D2E06C8AEDAD35295D /* Cocoa.framework */ = {isa = PBXBuildFile; fileRef = 5CBF82B86EA82EF995B88DD6; };
		74152A2523EBDFBCE8F71B99 /* WebKit.framework */ = {isa = PBXBuildFile; fileRef = 631B7085FCC7840D2281DF79; };
		75F5BD41C702700EF8505453 /* include_juce_graphics.mm */ = {isa = PBXBuildFile; fileRef = 1B336A6AF8FBB082C8A847F6; };
		8668043285561EE84BC5B120 /* Security.framework */ = {isa = PBXBuildFile; fileRef = E27AD0985BF6B33D5513BA05; };
		876EFF09B7E56FD031C88F17 /* MetalKit.framework */ = {isa = PBXBuildFile; fileRef = DF73F5016AFFA097EE03302D; settings = { ATTRIBUTES = (Weak, ); }; };
		8C172D420E8B28DA61E387F9 /* CoreAudio.framework */ = {isa = PBXBuildFile; fileRef = 9F2B556874CB1D275CA5AC35; };
		8FA850AE9E66D9A4C470F7FD /* CoreAudioKit.framework */ = {isa = PBXBuildFile; fileRef = 1C304E1AA3901EB793444543; };
		930CECCAB2587DF2C0730F8D /* Foundation.framework */ = {isa = PBXBuildFile; fileRef = FF6565551A4271860623DB0B; };
		99E9C0A44FB43DDDB8E1BF2A /* include_juce_graphics_Sheenbidi.c */ = {isa = PBXBuildFile; fileRef = EAF38F11C16CA9408A633C1A; };
		9C6CF52D10D5F2889364158F /* QuartzCore.framework */ = {isa = PBXBuildFile; fileRef = 32226CF2ED505C75E074E23F; };
		A80EDA5F04B8F7A0E5DEB17D /* include_juce_audio_plugin_client_ARA.cpp */ = {isa = PBXBuildFile; fileRef = 46370B494F83904CC8ED868A; };
		B9272E432BCCB021E112570F /* juce_VST3ManifestHelper.mm */ = {isa = PBXBuildFile; fileRef = 014EA7F6325FFB01ECB8A728; settings = { COMPILER_FLAGS = "-w -DJUCE_SKIP_PRECOMPILED_HEADER"; }; };
		BC7D1D81E676DE80C47124B7 /* PluginProcessor.cpp */ = {isa = PBXBuildFile; fileRef = F64AE31E07FFCB8F4659A503; };
		C3D37A9AB835EE52F36D5238 /* include_juce_dsp.mm */ = {isa = PBXBuildFile; fileRef = 74C989C44976BCD581EFC01B; };
		C42719019CF50FBA41C0C6C3 /* DiscRecording.framework */ = {isa = PBXBuildFile; fileRef = 0A9C942560EA11C973341172; };
		C51C235A9E5414CF3078D1DC /* IOKit.framework */ = {isa = PBXBuildFile; fileRef = 899E4256DCE020DD43B7D6DC; };
		C7C80F5521BBE9A47F240D5F /* VST3 */ = {isa = PBXBuildFile; fileRef = C6E9775B7F81D4E65D2332B1; };
		CAECA084EBE50770675146EE /* include_juce_gui_basics.mm */ = {isa = PBXBuildFile; fileRef = C352362FC694560F678BBA07; };
		D585B75D979A02B18A84434A /* AudioToolbox.framework */ = {isa = PBXBuildFile; fileRef = A0858A4FBF5EDB6B3FE49D6A; };
		D60BCF84276C2316A86457B3 /* include_juce_audio_processors_headless_lv2_libs.cpp */ = {isa = PBXBuildFile; fileRef = 4E0F65E7A858FBDC75DFB2D0; };
		D9CE0CE285119AF5F3CDB3AD /* Shared Code */ = {isa = PBXBuildFile; fileRef = 91EF8FC54DAECE7916B29196; };
		F1D1C294C09EE1900F8D350D /* PluginEditor.cpp */ = {isa = PBXBuildFile; fileRef = B658A51BEC1ACB99262CB742; };
		F493D6217D4D8E937DAE84C1 /* include_juce_data_structures.mm */ = {isa = PBXBuildFile; fileRef = 0042FA746A8205D3F3235C63; };
		F4CBDD5216FE2EAC1B7A8A9B /* VST3 Manifest Helper */ = {isa = PBXBuildFile; fileRef = FB1683F1F3B5EC7CB1AD492E; };
/* End PBXBuildFile section */

/* Begin PBXFileReference section */
		0042FA746A8205D3F3235C63 /* include_juce_data_structures.mm */ /* include_juce_data_structures.mm */ = {isa = PBXFileReference; lastKnownFileType = sourcecode.cpp.objcpp; name = include_juce_data_structures.mm; path = ../../JuceLibraryCode/include_juce_data_structures.mm; sourceTree = SOURCE_ROOT; };
		0051651E630E418FE0FD19EC /* include_juce_gui_extra.mm */ /* include_juce_gui_extra.mm */ = {isa = PBXFileReference; lastKnownFileType = sourcecode.cpp.objcpp; name = include_juce_gui_extra.mm; path = ../../JuceLibraryCode/include_juce_gui_extra.mm; sourceTree = SOURCE_ROOT; };
		014EA7F6325FFB01ECB8A728 /* juce_VST3ManifestHelper.mm */ /* juce_VST3ManifestHelper.mm */ = {isa = PBXFileReference; lastKnownFileType = sourcecode.cpp.objcpp; name = juce_VST3ManifestHelper.mm; path = "$(HOME)/JUCE/modules/juce_audio_plugin_client/VST3/juce_VST3ManifestHelper.mm"; sourceTree = "<absolute>"; };
		01DDF9CF16F26FFD0196B559 /* BarlowCondensed-Regular.ttf */ /* BarlowCondensed-Regular.ttf */ = {isa = PBXFileReference; lastKnownFileType = file.ttf; name = "BarlowCondensed-Regular.ttf"; path = "../../../Resources/BarlowCondensed-Regular.ttf"; sourceTree = SOURCE_ROOT; };
		03CB46169592E2C96BB9C418 /* SML-LOGO-Parallax.png */ /* SML-LOGO-Parallax.png */ = {isa = PBXFileReference; lastKnownFileType = image.png; name = "SML-LOGO-Parallax.png"; path = "../../../Resources/SML-LOGO-Parallax.png"; sourceTree = SOURCE_ROOT; };
		093465752C4D370E612791B8 /* juce_gui_basics */ /* juce_gui_basics */ = {isa = PBXFileReference; lastKnownFileType = folder; name = juce_gui_basics; path = "~/JUCE/modules/juce_gui_basics"; sourceTree = "<absolute>"; };
		0A9C942560EA11C973341172 /* DiscRecording.framework */ /* DiscRecording.framework */ = {isa = PBXFileReference; lastKnownFileType = wrapper.framework; name = DiscRecording.framework; path = System/Library/Frameworks/DiscRecording.framework; sourceTree = SDKROOT; };
		0BF9282A977BFDE57AA72D81 /* juce_audio_plugin_client */ /* juce_audio_plugin_client */ = {isa = PBXFileReference; lastKnownFileType = folder; name = juce_audio_plugin_client; path = "~/JUCE/modules/juce_audio_plugin_client"; sourceTree = "<absolute>"; };
		1745E09E177F95FD7485B8DF /* juce_data_structures */ /* juce_data_structures */ = {isa = PBXFileReference; lastKnownFileType = folder; name = juce_data_structures; path = "~/JUCE/modules/juce_data_structures"; sourceTree = "<absolute>"; };
		1B336A6AF8FBB082C8A847F6 /* include_juce_graphics.mm */ /* include_juce_graphics.mm */ = {isa = PBXFileReference; lastKnownFileType = sourcecode.cpp.objcpp; name = include_juce_graphics.mm; path = ../../JuceLibraryCode/include_juce_graphics.mm; sourceTree = SOURCE_ROOT; };
		1C304E1AA3901EB793444543 /* CoreAudioKit.framework */ /* CoreAudioKit.framework */ = {isa = PBXFileReference; lastKnownFileType = wrapper.framework; name = CoreAudioKit.framework; path = System/Library/Frameworks/CoreAudioKit.framework; sourceTree = SDKROOT; };
		27895FA4528612F36A152744 /* include_juce_core.mm */ /* include_juce_core.mm */ = {isa = PBXFileReference; lastKnownFileType = sourcecode.cpp.objcpp; name = include_juce_core.mm; path = ../../JuceLibraryCode/include_juce_core.mm; sourceTree = SOURCE_ROOT; };
		2A14995805D474D4899E33FA /* Info-VST3_Manifest_Helper.plist */ /* Info-VST3_Manifest_Helper.plist */ = {isa = PBXFileReference; lastKnownFileType = text.plist.xml; name = "Info-VST3_Manifest_Helper.plist"; path = "Info-VST3_Manifest_Helper.plist"; sourceTree = SOURCE_ROOT; };
		2DED588E3EB0EC94B644B06F /* juce_audio_formats */ /* juce_audio_formats */ = {isa = PBXFileReference; lastKnownFileType = folder; name = juce_audio_formats; path = "~/JUCE/modules/juce_audio_formats"; sourceTree = "<absolute>"; };
		30B1FA14A832C174A17013F4 /* juce_audio_processors */ /* juce_audio_processors */ = {isa = PBXFileReference; lastKnownFileType = folder; name = juce_audio_processors; path = "~/JUCE/modules/juce_audio_processors"; sourceTree = "<absolute>"; };
		32226CF2ED505C75E074E23F /* QuartzCore.framework */ /* QuartzCore.framework */ = {isa = PBXFileReference; lastKnownFileType = wrapper.framework; name = QuartzCore.framework; path = System/Library/Frameworks/QuartzCore.framework; sourceTree = SDKROOT; };
		433DAF7BD9834116491373E7 /* juce_dsp */ /* juce_dsp */ = {isa = PBXFileReference; lastKnownFileType = folder; name = juce_dsp; path = "~/JUCE/modules/juce_dsp"; sourceTree = "<absolute>"; };
		46370B494F83904CC8ED868A /* include_juce_audio_plugin_client_ARA.cpp */ /* include_juce_audio_plugin_client_ARA.cpp */ = {isa = PBXFileReference; lastKnownFileType = sourcecode.cpp.cpp; name = include_juce_audio_plugin_client_ARA.cpp; path = ../../JuceLibraryCode/include_juce_audio_plugin_client_ARA.cpp; sourceTree = SOURCE_ROOT; };
		4E0F65E7A858FBDC75DFB2D0 /* include_juce_audio_processors_headless_lv2_libs.cpp */ /* include_juce_audio_processors_headless_lv2_libs.cpp */ = {isa = PBXFileReference; lastKnownFileType = sourcecode.cpp.cpp; name = include_juce_audio_processors_headless_lv2_libs.cpp; path = ../../JuceLibraryCode/include_juce_audio_processors_headless_lv2_libs.cpp; sourceTree = SOURCE_ROOT; };
		5094455DAEBFD46120991755 /* include_juce_audio_utils.mm */ /* include_juce_audio_utils.mm */ = {isa = PBXFileReference; lastKnownFileType = sourcecode.cpp.objcpp; name = include_juce_audio_utils.mm; path = ../../JuceLibraryCode/include_juce_audio_utils.mm; sourceTree = SOURCE_ROOT; };
		545B9228C91D36DCCCFC697B /* include_juce_events.mm */ /* include_juce_events.mm */ = {isa = PBXFileReference; lastKnownFileType = sourcecode.cpp.objcpp; name = include_juce_events.mm; path = ../../JuceLibraryCode/include_juce_events.mm; sourceTree = SOURCE_ROOT; };
		54BBBC9B5103404C955F4520 /* BinaryData.h */ /* BinaryData.h */ = {isa = PBXFileReference; lastKnownFileType = sourcecode.c.h; name = BinaryData.h; path = ../../JuceLibraryCode/BinaryData.h; sourceTree = SOURCE_ROOT; };
		55608DEB50FCC9FA7A0A39D0 /* include_juce_audio_plugin_client_VST3.mm */ /* include_juce_audio_plugin_client_VST3.mm */ = {isa = PBXFileReference; lastKnownFileType = sourcecode.cpp.objcpp; name = include_juce_audio_plugin_client_VST3.mm; path = ../../JuceLibraryCode/include_juce_audio_plugin_client_VST3.mm; sourceTree = SOURCE_ROOT; };
		586C2C4533D4A236CB1E7B16 /* include_juce_audio_processors.mm */ /* include_juce_audio_processors.mm */ = {isa = PBXFileReference; lastKnownFileType = sourcecode.cpp.objcpp; name = include_juce_audio_processors.mm; path = ../../JuceLibraryCode/include_juce_audio_processors.mm; sourceTree = SOURCE_ROOT; };
		5C192B994A86CC9E23E1F4C6 /* juce_audio_processors_headless */ /* juce_audio_processors_headless */ = {isa = PBXFileReference; lastKnownFileType = folder; name = juce_audio_processors_headless; path = "~/JUCE/modules/juce_audio_processors_headless"; sourceTree = "<absolute>"; };
		5CBF82B86EA82EF995B88DD6 /* Cocoa.framework */ /* Cocoa.framework */ = {isa = PBXFileReference; lastKnownFileType = wrapper.framework; name = Cocoa.framework; path = System/Library/Frameworks/Cocoa.framework; sourceTree = SDKROOT; };
		5D4320A782E983C723D9F24D /* Metal.framework */ /* Metal.framework */ = {isa = PBXFileReference; lastKnownFileType = wrapper.framework; name = Metal.framework; path = System/Library/Frameworks/Metal.framework; sourceTree = SDKROOT; };
		631B7085FCC7840D2281DF79 /* WebKit.framework */ /* WebKit.framework */ = {isa = PBXFileReference; lastKnownFileType = wrapper.framework; name = WebKit.framework; path = System/Library/Frameworks/WebKit.framework; sourceTree = SDKROOT; };
		68F05D4F0FBCDC9D4F0C8BB1 /* BinaryData.cpp */ /* BinaryData.cpp */ = {isa = PBXFileReference; lastKnownFileType = sourcecode.cpp.cpp; name = BinaryData.cpp; path = ../../JuceLibraryCode/BinaryData.cpp; sourceTree = SOURCE_ROOT; };
		6999C846BA9EFB63FF9F9D96 /* include_juce_audio_processors_headless.mm */ /* include_juce_audio_processors_headless.mm */ = {isa = PBXFileReference; lastKnownFileType = sourcecode.cpp.objcpp; name = include_juce_audio_processors_headless.mm; path = ../../JuceLibraryCode/include_juce_audio_processors_headless.mm; sourceTree = SOURCE_ROOT; };
		6BDAC5026194F7113D0AF29A /* BarlowCondensed-LightItalic.ttf */ /* BarlowCondensed-LightItalic.ttf */ = {isa = PBXFileReference; lastKnownFileType = file.ttf; name = "BarlowCondensed-LightItalic.ttf"; path = "../../../Resources/BarlowCondensed-LightItalic.ttf"; sourceTree = SOURCE_ROOT; };
		707C5F172BC70D4671BC58CC /* juce_graphics */ /* juce_graphics */ = {isa = PBXFileReference; lastKnownFileType = folder; name = juce_graphics; path = "~/JUCE/modules/juce_graphics"; sourceTree = "<absolute>"; };
		74C989C44976BCD581EFC01B /* include_juce_dsp.mm */ /* include_juce_dsp.mm */ = {isa = PBXFileReference; lastKnownFileType = sourcecode.cpp.objcpp; name = include_juce_dsp.mm; path = ../../JuceLibraryCode/include_juce_dsp.mm; sourceTree = SOURCE_ROOT; };
		7B5F416022D81CB5A090E350 /* JucePluginDefines.h */ /* JucePluginDefines.h */ = {isa = PBXFileReference; lastKnownFileType = sourcecode.c.h; name = JucePluginDefines.h; path = ../../JuceLibraryCode/JucePluginDefines.h; sourceTree = SOURCE_ROOT; };
		87630FF668D3E30DC9661B5E /* juce_audio_devices */ /* juce_audio_devices */ = {isa = PBXFileReference; lastKnownFileType = folder; name = juce_audio_devices; path = "~/JUCE/modules/juce_audio_devices"; sourceTree = "<absolute>"; };
		899E4256DCE020DD43B7D6DC /* IOKit.framework */ /* IOKit.framework */ = {isa = PBXFileReference; lastKnownFileType = wrapper.framework; name = IOKit.framework; path = System/Library/Frameworks/IOKit.framework; sourceTree = SDKROOT; };
		8B57FED80DE17C6CDBB9B950 /* include_juce_audio_basics.mm */ /* include_juce_audio_basics.mm */ = {isa = PBXFileReference; lastKnownFileType = sourcecode.cpp.objcpp; name = include_juce_audio_basics.mm; path = ../../JuceLibraryCode/include_juce_audio_basics.mm; sourceTree = SOURCE_ROOT; };
		8D4405292B4E6175A4D8EA2D /* juce_audio_basics */ /* juce_audio_basics */ = {isa = PBXFileReference; lastKnownFileType = folder; name = juce_audio_basics; path = "~/JUCE/modules/juce_audio_basics"; sourceTree = "<absolute>"; };
		91EF8FC54DAECE7916B29196 /* Shared Code */ = {isa = PBXFileReference; explicitFileType = archive.ar; includeInIndex = 0; path = libParallax.a; sourceTree = BUILT_PRODUCTS_DIR; };
		94D519ECFE567D3FF57A4DD6 /* BarlowCondensed-SemiBold.ttf */ /* BarlowCondensed-SemiBold.ttf */ = {isa = PBXFileReference; lastKnownFileType = file.ttf; name = "BarlowCondensed-SemiBold.ttf"; path = "../../../Resources/BarlowCondensed-SemiBold.ttf"; sourceTree = SOURCE_ROOT; };
		981364C4BC502DE40C5CBB62 /* juce_gui_extra */ /* juce_gui_extra */ = {isa = PBXFileReference; lastKnownFileType = folder; name = juce_gui_extra; path = "~/JUCE/modules/juce_gui_extra"; sourceTree = "<absolute>"; };
		9EA73018A26E327FFB300086 /* Info-VST3.plist */ /* Info-VST3.plist */ = {isa = PBXFileReference; lastKnownFileType = text.plist.xml; name = "Info-VST3.plist"; path = "Info-VST3.plist"; sourceTree = SOURCE_ROOT; };
		9F2B556874CB1D275CA5AC35 /* CoreAudio.framework */ /* CoreAudio.framework */ = {isa = PBXFileReference; lastKnownFileType = wrapper.framework; name = CoreAudio.framework; path = System/Library/Frameworks/CoreAudio.framework; sourceTree = SDKROOT; };
		A03FB88687C1076630F7413F /* include_juce_audio_processors_headless_ara.cpp */ /* include_juce_audio_processors_headless_ara.cpp */ = {isa = PBXFileReference; lastKnownFileType = sourcecode.cpp.cpp; name = include_juce_audio_processors_headless_ara.cpp; path = ../../JuceLibraryCode/include_juce_audio_processors_headless_ara.cpp; sourceTree = SOURCE_ROOT; };
		A0858A4FBF5EDB6B3FE49D6A /* AudioToolbox.framework */ /* AudioToolbox.framework */ = {isa = PBXFileReference; lastKnownFileType = wrapper.framework; name = AudioToolbox.framework; path = System/Library/Frameworks/AudioToolbox.framework; sourceTree = SDKROOT; };
		A349D48CD98EA662C6456C99 /* PluginEditor.h */ /* PluginEditor.h */ = {isa = PBXFileReference; lastKnownFileType = sourcecode.c.h; name = PluginEditor.h; path = ../../Source/PluginEditor.h; sourceTree = SOURCE_ROOT; };
		A5A476524FECF614A879778B /* include_juce_audio_formats.mm */ /* include_juce_audio_formats.mm */ = {isa = PBXFileReference; lastKnownFileType = sourcecode.cpp.objcpp; name = include_juce_audio_formats.mm; path = ../../JuceLibraryCode/include_juce_audio_formats.mm; sourceTree = SOURCE_ROOT; };
		A89B6B1ADB93D1FA0F7D8A60 /* juce_events */ /* juce_events */ = {isa = PBXFileReference; lastKnownFileType = folder; name = juce_events; path = "~/JUCE/modules/juce_events"; sourceTree = "<absolute>"; };
		AB0872D956587BFF0F74CD77 /* RecentFilesMenuTemplate.nib */ /* RecentFilesMenuTemplate.nib */ = {isa = PBXFileReference; lastKnownFileType = file.nib; name = RecentFilesMenuTemplate.nib; path = RecentFilesMenuTemplate.nib; sourceTree = SOURCE_ROOT; };
		B658A51BEC1ACB99262CB742 /* PluginEditor.cpp */ /* PluginEditor.cpp */ = {isa = PBXFileReference; lastKnownFileType = sourcecode.cpp.cpp; name = PluginEditor.cpp; path = ../../Source/PluginEditor.cpp; sourceTree = SOURCE_ROOT; };
		B978EBE80E0979E5D8577F99 /* include_juce_graphics_Harfbuzz.cpp */ /* include_juce_graphics_Harfbuzz.cpp */ = {isa = PBXFileReference; lastKnownFileType = sourcecode.cpp.cpp; name = include_juce_graphics_Harfbuzz.cpp; path = ../../JuceLibraryCode/include_juce_graphics_Harfbuzz.cpp; sourceTree = SOURCE_ROOT; };
		C2EA7DA5ADB44F72A2C388D6 /* PluginProcessor.h */ /* PluginProcessor.h */ = {isa = PBXFileReference; lastKnownFileType = sourcecode.c.h; name = PluginProcessor.h; path = ../../Source/PluginProcessor.h; sourceTree = SOURCE_ROOT; };
		C31F527710098DFF87570987 /* include_juce_core_CompilationTime.cpp */ /* include_juce_core_CompilationTime.cpp */ = {isa = PBXFileReference; lastKnownFileType = sourcecode.cpp.cpp; name = include_juce_core_CompilationTime.cpp; path = ../../JuceLibraryCode/include_juce_core_CompilationTime.cpp; sourceTree = SOURCE_ROOT; };
		C352362FC694560F678BBA07 /* include_juce_gui_basics.mm */ /* include_juce_gui_basics.mm */ = {isa = PBXFileReference; lastKnownFileType = sourcecode.cpp.objcpp; name = include_juce_gui_basics.mm; path = ../../JuceLibraryCode/include_juce_gui_basics.mm; sourceTree = SOURCE_ROOT; };
		C4AF974AA970B91324CF389E /* juce_audio_utils */ /* juce_audio_utils */ = {isa = PBXFileReference; lastKnownFileType = folder; name = juce_audio_utils; path = "~/JUCE/modules/juce_audio_utils"; sourceTree = "<absolute>"; };
		C6E9775B7F81D4E65D2332B1 /* VST3 */ = {isa = PBXFileReference; explicitFileType = wrapper.cfbundle; includeInIndex = 0; path = Parallax.vst3; sourceTree = BUILT_PRODUCTS_DIR; };
		D687E65F5FEA713C65800F8F /* juce_core */ /* juce_core */ = {isa = PBXFileReference; lastKnownFileType = folder; name = juce_core; path = "~/JUCE/modules/juce_core"; sourceTree = "<absolute>"; };
		DB6A892C5A733D188CC6C20C /* JuceHeader.h */ /* JuceHeader.h */ = {isa = PBXFileReference; lastKnownFileType = sourcecode.c.h; name = JuceHeader.h; path = ../../JuceLibraryCode/JuceHeader.h; sourceTree = SOURCE_ROOT; };
		DF73F5016AFFA097EE03302D /* MetalKit.framework */ /* MetalKit.framework */ = {isa = PBXFileReference; lastKnownFileType = wrapper.framework; name = MetalKit.framework; path = System/Library/Frameworks/MetalKit.framework; sourceTree = SDKROOT; };
		E27AD0985BF6B33D5513BA05 /* Security.framework */ /* Security.framework */ = {isa = PBXFileReference; lastKnownFileType = wrapper.framework; name = Security.framework; path = System/Library/Frameworks/Security.framework; sourceTree = SDKROOT; };
		E77B8E184D960F7F94EE99D7 /* CoreMIDI.framework */ /* CoreMIDI.framework */ = {isa = PBXFileReference; lastKnownFileType = wrapper.framework; name = CoreMIDI.framework; path = System/Library/Frameworks/CoreMIDI.framework; sourceTree = SDKROOT; };
		E89649CB43FCC405E9F38324 /* include_juce_audio_devices.mm */ /* include_juce_audio_devices.mm */ = {isa = PBXFileReference; lastKnownFileType = sourcecode.cpp.objcpp; name = include_juce_audio_devices.mm; path = ../../JuceLibraryCode/include_juce_audio_devices.mm; sourceTree = SOURCE_ROOT; };
		EAF38F11C16CA9408A633C1A /* include_juce_graphics_Sheenbidi.c */ /* include_juce_graphics_Sheenbidi.c */ = {isa = PBXFileReference; lastKnownFileType = sourcecode.c.c; name = include_juce_graphics_Sheenbidi.c; path = ../../JuceLibraryCode/include_juce_graphics_Sheenbidi.c; sourceTree = SOURCE_ROOT; };
		F64AE31E07FFCB8F4659A503 /* PluginProcessor.cpp */ /* PluginProcessor.cpp */ = {isa = PBXFileReference; lastKnownFileType = sourcecode.cpp.cpp; name = PluginProcessor.cpp; path = ../../Source/PluginProcessor.cpp; sourceTree = SOURCE_ROOT; };
		FB1683F1F3B5EC7CB1AD492E /* VST3 Manifest Helper */ = {isa = PBXFileReference; explicitFileType = "compiled.mach-o.executable"; includeInIndex = 0; path = juce_vst3_helper; sourceTree = BUILT_PRODUCTS_DIR; };
		FCA9B25739FFE7A1F46EAE6C /* Accelerate.framework */ /* Accelerate.framework */ = {isa = PBXFileReference; lastKnownFileType = wrapper.framework; name = Accelerate.framework; path = System/Library/Frameworks/Accelerate.framework; sourceTree = SDKROOT; };
		FEB96C715036CFB8CDF4FDE7 /* BarlowCondensed-Bold.ttf */ /* BarlowCondensed-Bold.ttf */ = {isa = PBXFileReference; lastKnownFileType = file.ttf; name = "BarlowCondensed-Bold.ttf"; path = "../../../Resources/BarlowCondensed-Bold.ttf"; sourceTree = SOURCE_ROOT; };
		FF6565551A4271860623DB0B /* Foundation.framework */ /* Foundation.framework */ = {isa = PBXFileReference; lastKnownFileType = wrapper.framework; name = Foundation.framework; path = System/Library/Frameworks/Foundation.framework; sourceTree = SDKROOT; };
/* End PBXFileReference section */

/* Begin PBXFrameworksBuildPhase section */
		0BBAD77FAC220B8AF457764B = {
			isa = PBXFrameworksBuildPhase;
			buildActionMask = 2147483647;
			files = (
				1B3AFF5D5D774919ED6F23BF,
				D585B75D979A02B18A84434A,
				72DBB5D2E06C8AEDAD35295D,
				8C172D420E8B28DA61E387F9,
				8FA850AE9E66D9A4C470F7FD,
				1F4F0EEAF7DB95D0897BAD8C,
				C42719019CF50FBA41C0C6C3,
				930CECCAB2587DF2C0730F8D,
				C51C235A9E5414CF3078D1DC,
				9C6CF52D10D5F2889364158F,
				8668043285561EE84BC5B120,
				74152A2523EBDFBCE8F71B99,
				4E61C796ED89B8EADDBEFA10,
				876EFF09B7E56FD031C88F17,
			);
			runOnlyForDeploymentPostprocessing = 0;
		};
		C7C75583B95DD61134322053 = {
			isa = PBXFrameworksBuildPhase;
			buildActionMask = 2147483647;
			files = (
				1B3AFF5D5D774919ED6F23BF,
				D585B75D979A02B18A84434A,
				72DBB5D2E06C8AEDAD35295D,
				8C172D420E8B28DA61E387F9,
				8FA850AE9E66D9A4C470F7FD,
				1F4F0EEAF7DB95D0897BAD8C,
				C42719019CF50FBA41C0C6C3,
				930CECCAB2587DF2C0730F8D,
				C51C235A9E5414CF3078D1DC,
				9C6CF52D10D5F2889364158F,
				8668043285561EE84BC5B120,
				74152A2523EBDFBCE8F71B99,
				4E61C796ED89B8EADDBEFA10,
				876EFF09B7E56FD031C88F17,
			);
			runOnlyForDeploymentPostprocessing = 0;
		};
/* End PBXFrameworksBuildPhase section */

/* Begin PBXGroup section */
		02FEC251A20AF20ADBEC2DA8 /* Parallax */ = {
			isa = PBXGroup;
			children = (
				B37DC031FAB17F9572D28F23,
			);
			name = Parallax;
			sourceTree = "<group>";
		};
		3A59B40494EE5BEBCD1D1D7F /* JUCE Library Code */ = {
			isa = PBXGroup;
			children = (
				68F05D4F0FBCDC9D4F0C8BB1,
				54BBBC9B5103404C955F4520,
				8B57FED80DE17C6CDBB9B950,
				E89649CB43FCC405E9F38324,
				A5A476524FECF614A879778B,
				46370B494F83904CC8ED868A,
				55608DEB50FCC9FA7A0A39D0,
				586C2C4533D4A236CB1E7B16,
				6999C846BA9EFB63FF9F9D96,
				A03FB88687C1076630F7413F,
				4E0F65E7A858FBDC75DFB2D0,
				5094455DAEBFD46120991755,
				27895FA4528612F36A152744,
				C31F527710098DFF87570987,
				0042FA746A8205D3F3235C63,
				74C989C44976BCD581EFC01B,
				545B9228C91D36DCCCFC697B,
				1B336A6AF8FBB082C8A847F6,
				B978EBE80E0979E5D8577F99,
				EAF38F11C16CA9408A633C1A,
				C352362FC694560F678BBA07,
				0051651E630E418FE0FD19EC,
				DB6A892C5A733D188CC6C20C,
				7B5F416022D81CB5A090E350,
			);
			name = "JUCE Library Code";
			sourceTree = "<group>";
		};
		45A4A154875711BCB9E2FED7 /* JUCE Modules */ = {
			isa = PBXGroup;
			children = (
				8D4405292B4E6175A4D8EA2D,
				87630FF668D3E30DC9661B5E,
				2DED588E3EB0EC94B644B06F,
				0BF9282A977BFDE57AA72D81,
				30B1FA14A832C174A17013F4,
				5C192B994A86CC9E23E1F4C6,
				C4AF974AA970B91324CF389E,
				D687E65F5FEA713C65800F8F,
				1745E09E177F95FD7485B8DF,
				433DAF7BD9834116491373E7,
				A89B6B1ADB93D1FA0F7D8A60,
				707C5F172BC70D4671BC58CC,
				093465752C4D370E612791B8,
				981364C4BC502DE40C5CBB62,
			);
			name = "JUCE Modules";
			sourceTree = "<group>";
		};
		811DFFAB3EABC696AC6E1912 /* Frameworks */ = {
			isa = PBXGroup;
			children = (
				FCA9B25739FFE7A1F46EAE6C,
				A0858A4FBF5EDB6B3FE49D6A,
				5CBF82B86EA82EF995B88DD6,
				9F2B556874CB1D275CA5AC35,
				1C304E1AA3901EB793444543,
				E77B8E184D960F7F94EE99D7,
				0A9C942560EA11C973341172,
				FF6565551A4271860623DB0B,
				899E4256DCE020DD43B7D6DC,
				32226CF2ED505C75E074E23F,
				E27AD0985BF6B33D5513BA05,
				631B7085FCC7840D2281DF79,
				5D4320A782E983C723D9F24D,
				DF73F5016AFFA097EE03302D,
			);
			name = Frameworks;
			sourceTree = "<group>";
		};
		B37DC031FAB17F9572D28F23 /* Source */ = {
			isa = PBXGroup;
			children = (
				E02484A568EBEC8E1BEE81B5,
				F64AE31E07FFCB8F4659A503,
				C2EA7DA5ADB44F72A2C388D6,
				B658A51BEC1ACB99262CB742,
				A349D48CD98EA662C6456C99,
			);
			name = Source;
			sourceTree = "<group>";
		};
		C60F32EDD9B25B6AF2CCD656 /* Resources */ = {
			isa = PBXGroup;
			children = (
				9EA73018A26E327FFB300086,
				2A14995805D474D4899E33FA,
				AB0872D956587BFF0F74CD77,
			);
			name = Resources;
			sourceTree = "<group>";
		};
		E02484A568EBEC8E1BEE81B5 /* Resources */ = {
			isa = PBXGroup;
			children = (
				FEB96C715036CFB8CDF4FDE7,
				6BDAC5026194F7113D0AF29A,
				01DDF9CF16F26FFD0196B559,
				94D519ECFE567D3FF57A4DD6,
				03CB46169592E2C96BB9C418,
			);
			name = Resources;
			sourceTree = "<group>";
		};
		E379BACF0D9DA6448EBBB8C2 /* Source */ = {
			isa = PBXGroup;
			children = (
				02FEC251A20AF20ADBEC2DA8,
				45A4A154875711BCB9E2FED7,
				3A59B40494EE5BEBCD1D1D7F,
				C60F32EDD9B25B6AF2CCD656,
				811DFFAB3EABC696AC6E1912,
				ED14270675125FD970CFC2A3,
			);
			name = Source;
			sourceTree = "<group>";
		};
		ED14270675125FD970CFC2A3 /* Products */ = {
			isa = PBXGroup;
			children = (
				C6E9775B7F81D4E65D2332B1,
				91EF8FC54DAECE7916B29196,
				FB1683F1F3B5EC7CB1AD492E,
			);
			name = Products;
			sourceTree = "<group>";
		};
/* End PBXGroup section */

/* Begin PBXNativeTarget section */
		0F1AFC96B2976980FD7C7E1F /* Parallax - VST3 */ = {
			isa = PBXNativeTarget;
			buildConfigurationList = 667A3561C06DEA9844047C60;
			buildPhases = (
				8B6898D99F7102E694394035,
				A74400B659A69631E09C90CB,
				0BBAD77FAC220B8AF457764B,
				27918FF7E5E8FFE42A063797,
				2587711731E9910B0CB50472,
			);
			buildRules = (
			);
			dependencies = (
				6AB242397A4BE64C8D3BD5ED,
				D654E7E80C1C990108E23D9C,
			);
			name = "Parallax - VST3";
			productName = Parallax;
			productReference = C6E9775B7F81D4E65D2332B1;
			productType = "com.apple.product-type.bundle";
		};
		894BD90CCD10CF9A17DA1576 /* Parallax - Shared Code */ = {
			isa = PBXNativeTarget;
			buildConfigurationList = D66AF7677BE9A2F657562FFF;
			buildPhases = (
				25FB144D1B0923F8468D759F,
			);
			buildRules = (
			);
			dependencies = (
			);
			name = "Parallax - Shared Code";
			productName = Parallax;
			productReference = 91EF8FC54DAECE7916B29196;
			productType = "com.apple.product-type.library.static";
		};
		A0F0654A0107714A86F06519 /* Parallax - VST3 Manifest Helper */ = {
			isa = PBXNativeTarget;
			buildConfigurationList = FC768E9B42F6C36FC386F753;
			buildPhases = (
				ECFAA32B86A45D71491C4394,
				C7C75583B95DD61134322053,
			);
			buildRules = (
			);
			dependencies = (
			);
			name = "Parallax - VST3 Manifest Helper";
			productName = Parallax;
			productReference = FB1683F1F3B5EC7CB1AD492E;
			productType = "com.apple.product-type.tool";
		};
/* End PBXNativeTarget section */

/* Begin PBXProject section */
		EDE1076AB4095A0E9CE198EB = {
			isa = PBXProject;
			attributes = {
				BuildIndependentTargetsInParallel = YES;
				LastUpgradeCheck = 1340;
				ORGANIZATIONNAME = "Sound Makers Lab";
				TargetAttributes = {
					0F1AFC96B2976980FD7C7E1F = {
						SystemCapabilities = {
							com.apple.ApplicationGroups.iOS = {
								enabled = 0;
							};
							com.apple.HardenedRuntime = {
								enabled = 0;
							};
							com.apple.InAppPurchase = {
								enabled = 0;
							};
							com.apple.InterAppAudio = {
								enabled = 0;
							};
							com.apple.Push = {
								enabled = 0;
							};
							com.apple.Sandbox = {
								enabled = 0;
							};
						};
					};
					894BD90CCD10CF9A17DA1576 = {
						SystemCapabilities = {
							com.apple.ApplicationGroups.iOS = {
								enabled = 0;
							};
							com.apple.HardenedRuntime = {
								enabled = 0;
							};
							com.apple.InAppPurchase = {
								enabled = 0;
							};
							com.apple.InterAppAudio = {
								enabled = 0;
							};
							com.apple.Push = {
								enabled = 0;
							};
							com.apple.Sandbox = {
								enabled = 0;
							};
						};
					};
					A0F0654A0107714A86F06519 = {
						SystemCapabilities = {
							com.apple.ApplicationGroups.iOS = {
								enabled = 0;
							};
							com.apple.HardenedRuntime = {
								enabled = 0;
							};
							com.apple.InAppPurchase = {
								enabled = 0;
							};
							com.apple.InterAppAudio = {
								enabled = 0;
							};
							com.apple.Push = {
								enabled = 0;
							};
							com.apple.Sandbox = {
								enabled = 0;
							};
						};
					};
					F3B2BF440080AAE62C2CF5FD = {
						SystemCapabilities = {
							com.apple.ApplicationGroups.iOS = {
								enabled = 0;
							};
							com.apple.HardenedRuntime = {
								enabled = 0;
							};
							com.apple.InAppPurchase = {
								enabled = 0;
							};
							com.apple.InterAppAudio = {
								enabled = 0;
							};
							com.apple.Push = {
								enabled = 0;
							};
							com.apple.Sandbox = {
								enabled = 0;
							};
						};
					};
				};
			};
			buildConfigurationList = C50CE52039F0A5EB5720879D;
			compatibilityVersion = "Xcode 3.2";
			hasScannedForEncodings = 0;
			knownRegions = (
				en,
				Base,
			);
			mainGroup = E379BACF0D9DA6448EBBB8C2;
			projectDirPath = "";
			projectRoot = "";
			targets = (
				F3B2BF440080AAE62C2CF5FD,
				0F1AFC96B2976980FD7C7E1F,
				894BD90CCD10CF9A17DA1576,
				A0F0654A0107714A86F06519,
			);
		};
/* End PBXProject section */

/* Begin PBXResourcesBuildPhase section */
		8B6898D99F7102E694394035 = {
			isa = PBXResourcesBuildPhase;
			buildActionMask = 2147483647;
			files = (
				08E8D5414126F02C537E47C0,
			);
			runOnlyForDeploymentPostprocessing = 0;
		};
/* End PBXResourcesBuildPhase section */

/* Begin PBXShellScriptBuildPhase section */
		2587711731E9910B0CB50472 /* Plugin Copy Step */ = {
			isa = PBXShellScriptBuildPhase;
			buildActionMask = 2147483647;
			files = (
			);
			runOnlyForDeploymentPostprocessing = 0;
			name = "Plugin Copy Step";
			alwaysOutOfDate = 1;
			shellPath = /bin/sh;
			shellScript = "set -euo pipefail\n\nif [[ \"${CONFIGURATION}\" == \"Debug\" ]]; then\n  destinationPlugin=\"${HOME}/Library/Audio/Plug-Ins/VST3//$(basename \"${TARGET_BUILD_DIR}/${WRAPPER_NAME}\")\"\n  echo Running rm -rf \\\"${destinationPlugin}\\\"\n  rm -rf \"${destinationPlugin}\"\n  echo Running ditto \\\"${TARGET_BUILD_DIR}/${WRAPPER_NAME}\\\" \\\"${destinationPlugin}\\\"\n  ditto \"${TARGET_BUILD_DIR}/${WRAPPER_NAME}\" \"${destinationPlugin}\"\n\n  if [[ -n \"${EXPANDED_CODE_SIGN_IDENTITY-}\" ]]; then\n    if [[ -n \"${CODE_SIGN_ENTITLEMENTS-}\" ]]; then\n      entitlementsArg=(--entitlements \"${CODE_SIGN_ENTITLEMENTS}\")\n    fi\n\n    echo Signing Identity: \\\"${EXPANDED_CODE_SIGN_IDENTITY_NAME}\\\"\n    echo Running codesign --verbose=4 --force --sign \\\"${EXPANDED_CODE_SIGN_IDENTITY}\\\" ${entitlementsArg[*]-} ${OTHER_CODE_SIGN_FLAGS-} \\\"${HOME}/Library/Audio/Plug-Ins/VST3//${WRAPPER_NAME}\\\"\n    codesign --verbose=4 --force --sign \"${EXPANDED_CODE_SIGN_IDENTITY}\" ${entitlementsArg[*]-} ${OTHER_CODE_SIGN_FLAGS-} \"${HOME}/Library/Audio/Plug-Ins/VST3//${WRAPPER_NAME}\"\n  fi\nfi\n\nif [[ \"${CONFIGURATION}\" == \"Release\" ]]; then\n  destinationPlugin=\"${HOME}/Library/Audio/Plug-Ins/VST3//$(basename \"${TARGET_BUILD_DIR}/${WRAPPER_NAME}\")\"\n  echo Running rm -rf \\\"${destinationPlugin}\\\"\n  rm -rf \"${destinationPlugin}\"\n  echo Running ditto \\\"${TARGET_BUILD_DIR}/${WRAPPER_NAME}\\\" \\\"${destinationPlugin}\\\"\n  ditto \"${TARGET_BUILD_DIR}/${WRAPPER_NAME}\" \"${destinationPlugin}\"\n\n  if [[ -n \"${EXPANDED_CODE_SIGN_IDENTITY-}\" ]]; then\n    if [[ -n \"${CODE_SIGN_ENTITLEMENTS-}\" ]]; then\n      entitlementsArg=(--entitlements \"${CODE_SIGN_ENTITLEMENTS}\")\n    fi\n\n    echo Signing Identity: \\\"${EXPANDED_CODE_SIGN_IDENTITY_NAME}\\\"\n    echo Running codesign --verbose=4 --force --sign \\\"${EXPANDED_CODE_SIGN_IDENTITY}\\\" ${entitlementsArg[*]-} ${OTHER_CODE_SIGN_FLAGS-} \\\"${HOME}/Library/Audio/Plug-Ins/VST3//${WRAPPER_NAME}\\\"\n    codesign --verbose=4 --force --sign \"${EXPANDED_CODE_SIGN_IDENTITY}\" ${entitlementsArg[*]-} ${OTHER_CODE_SIGN_FLAGS-} \"${HOME}/Library/Audio/Plug-Ins/VST3//${WRAPPER_NAME}\"\n  fi\nfi\n";
		};
		27918FF7E5E8FFE42A063797 /* Update manifest */ = {
			isa = PBXShellScriptBuildPhase;
			buildActionMask = 2147483647;
			files = (
			);
			runOnlyForDeploymentPostprocessing = 0;
			name = "Update manifest";
			alwaysOutOfDate = 1;
			shellPath = /bin/sh;
			shellScript = "set -euo pipefail\n\necho Running \\\"${CONFIGURATION_BUILD_DIR}/juce_vst3_helper\\\" \\> \\\"${CONFIGURATION_BUILD_DIR}/${WRAPPER_NAME}/Contents/Resources/moduleinfo.json\\\"\n\"${CONFIGURATION_BUILD_DIR}/juce_vst3_helper\" > \"${CONFIGURATION_BUILD_DIR}/${WRAPPER_NAME}/Contents/Resources/moduleinfo.json\"\n";
		};
/* End PBXShellScriptBuildPhase section */

/* Begin PBXSourcesBuildPhase section */
		25FB144D1B0923F8468D759F = {
			isa = PBXSourcesBuildPhase;
			buildActionMask = 2147483647;
			files = (
				BC7D1D81E676DE80C47124B7,
				F1D1C294C09EE1900F8D350D,
				070F5D3CEBD65CD09E0F8C31,
				2868DD951B4388C1607DFAF5,
				285452A8BED842688577A520,
				0164BE0C84C8AAD61F1EB8F5,
				A80EDA5F04B8F7A0E5DEB17D,
				18BBBED7C447205586717636,
				05A5A30F4FC833FC364CDA7A,
				541C57C2E8B7A7A2D65D0FBD,
				D60BCF84276C2316A86457B3,
				4AD1E9370AB7B6354D613E5A,
				3970E5A2BAC6B043EED30D8D,
				0C5F85725EB550CA6254CD1E,
				F493D6217D4D8E937DAE84C1,
				C3D37A9AB835EE52F36D5238,
				38CA40E4241A32E4A05205D9,
				75F5BD41C702700EF8505453,
				3C8B5B731C0CB11222DB6034,
				99E9C0A44FB43DDDB8E1BF2A,
				CAECA084EBE50770675146EE,
				666BAA9CA35514A45B8D0482,
			);
			runOnlyForDeploymentPostprocessing = 0;
		};
		A74400B659A69631E09C90CB = {
			isa = PBXSourcesBuildPhase;
			buildActionMask = 2147483647;
			files = (
				5EBD07E8ABE81730B4770A3C,
			);
			runOnlyForDeploymentPostprocessing = 0;
		};
		ECFAA32B86A45D71491C4394 = {
			isa = PBXSourcesBuildPhase;
			buildActionMask = 2147483647;
			files = (
				B9272E432BCCB021E112570F,
			);
			runOnlyForDeploymentPostprocessing = 0;
		};
/* End PBXSourcesBuildPhase section */

/* Begin PBXTargetDependency section */
		1E55EBCAADC66EF8A36BE492 = {
			isa = PBXTargetDependency;
			target = 0F1AFC96B2976980FD7C7E1F;
		};
		460E3C3F430443FDE4F59225 = {
			isa = PBXTargetDependency;
			target = A0F0654A0107714A86F06519;
		};
		6AB242397A4BE64C8D3BD5ED = {
			isa = PBXTargetDependency;
			target = 894BD90CCD10CF9A17DA1576;
		};
		A0808271D06C7CC23BDDBEA3 = {
			isa = PBXTargetDependency;
			target = 894BD90CCD10CF9A17DA1576;
		};
		D654E7E80C1C990108E23D9C = {
			isa = PBXTargetDependency;
			target = A0F0654A0107714A86F06519;
		};
/* End PBXTargetDependency section */

/* Begin XCBuildConfiguration section */
		111316438F67A0DA46FB0AD5 /* Debug */ = {
			isa = XCBuildConfiguration;
			buildSettings = {
				CLANG_CXX_LANGUAGE_STANDARD = "c++17";
				CLANG_CXX_LIBRARY = "libc++";
				CLANG_LINK_OBJC_RUNTIME = NO;
				COMBINE_HIDPI_IMAGES = YES;
				CONFIGURATION_BUILD_DIR = "$(PROJECT_DIR)/build/$(CONFIGURATION)";
				COPY_PHASE_STRIP = NO;
				EXCLUDED_ARCHS = "";
				GCC_DYNAMIC_NO_PIC = NO;
				GCC_OPTIMIZATION_LEVEL = 0;
				GCC_PREPROCESSOR_DEFINITIONS = (
					"_DEBUG=1",
					"DEBUG=1",
					"JUCE_PROJUCER_VERSION=0x8000c",
					"JUCE_MODULE_AVAILABLE_juce_audio_basics=1",
					"JUCE_MODULE_AVAILABLE_juce_audio_devices=1",
					"JUCE_MODULE_AVAILABLE_juce_audio_formats=1",
					"JUCE_MODULE_AVAILABLE_juce_audio_plugin_client=1",
					"JUCE_MODULE_AVAILABLE_juce_audio_processors=1",
					"JUCE_MODULE_AVAILABLE_juce_audio_processors_headless=1",
					"JUCE_MODULE_AVAILABLE_juce_audio_utils=1",
					"JUCE_MODULE_AVAILABLE_juce_core=1",
					"JUCE_MODULE_AVAILABLE_juce_data_structures=1",
					"JUCE_MODULE_AVAILABLE_juce_dsp=1",
					"JUCE_MODULE_AVAILABLE_juce_events=1",
					"JUCE_MODULE_AVAILABLE_juce_graphics=1",
					"JUCE_MODULE_AVAILABLE_juce_gui_basics=1",
					"JUCE_MODULE_AVAILABLE_juce_gui_extra=1",
					"JUCE_GLOBAL_MODULE_SETTINGS_INCLUDED=1",
					"JUCE_VST3_CAN_REPLACE_VST2=0",
					"JUCE_STRICT_REFCOUNTEDPOINTER=1",
					"JucePlugin_Build_VST=0",
					"JucePlugin_Build_VST3=1",
					"JucePlugin_Build_AU=0",
					"JucePlugin_Build_AUv3=0",
					"JucePlugin_Build_AAX=0",
					"JucePlugin_Build_Standalone=0",
					"JucePlugin_Build_Unity=0",
					"JucePlugin_Build_LV2=0",
					"JucePlugin_Enable_IAA=0",
					"JucePlugin_Enable_ARA=0",
					"JucePlugin_Name=\\\"Parallax\\\"",
					"JucePlugin_Desc=\\\"Parallax\\\"",
					"JucePlugin_Manufacturer=\\\"SML\\\"",
					"JucePlugin_ManufacturerWebsite=\\\"www.soundmakerslab.com\\\"",
					"JucePlugin_ManufacturerEmail=\\\"support@soundmakerslab.com\\\"",
					"JucePlugin_ManufacturerCode=0x536d6c31",
					"JucePlugin_PluginCode=0x50726c78",
					"JucePlugin_IsSynth=0",
					"JucePlugin_WantsMidiInput=0",
					"JucePlugin_ProducesMidiOutput=0",
					"JucePlugin_IsMidiEffect=0",
					"JucePlugin_EditorRequiresKeyboardFocus=0",
					"JucePlugin_Version=1.0.0",
					"JucePlugin_VersionCode=0x10000",
					"JucePlugin_VersionString=\\\"1.0.0\\\"",
					"JucePlugin_VSTUniqueID=JucePlugin_PluginCode",
					"JucePlugin_VSTCategory=kPlugCategEffect",
					"JucePlugin_Vst3Category=\\\"Fx|Analyzer\\\"",
					"JucePlugin_AUMainType=\\'aufx\\'",
					"JucePlugin_AUSubType=JucePlugin_PluginCode",
					"JucePlugin_AUExportPrefix=ParallaxAU",
					"JucePlugin_AUExportPrefixQuoted=\\\"ParallaxAU\\\"",
					"JucePlugin_AUManufacturerCode=JucePlugin_ManufacturerCode",
					"JucePlugin_CFBundleIdentifier=com.SoundMakersLab.Parallax",
					"JucePlugin_AAXIdentifier=com.SoundMakersLab.Parallax",
					"JucePlugin_AAXManufacturerCode=JucePlugin_ManufacturerCode",
					"JucePlugin_AAXProductId=JucePlugin_PluginCode",
					"JucePlugin_AAXCategory=0",
					"JucePlugin_AAXDisableBypass=0",
					"JucePlugin_AAXDisableMultiMono=0",
					"JucePlugin_IAAType=0x61757278",
					"JucePlugin_IAASubType=JucePlugin_PluginCode",
					"JucePlugin_IAAName=\\\"SML:\\ Parallax\\\"",
					"JucePlugin_VSTNumMidiInputs=16",
					"JucePlugin_VSTNumMidiOutputs=16",
					"JucePlugin_ARAContentTypes=0",
					"JucePlugin_ARATransformationFlags=0",
					"JucePlugin_ARAFactoryID=\\\"com.SoundMakersLab.Parallax.factory\\\"",
					"JucePlugin_ARADocumentArchiveID=\\\"com.SoundMakersLab.Parallax.aradocumentarchive.1.0.0\\\"",
					"JucePlugin_ARACompatibleArchiveIDs=\\\"\\\"",
					"JUCE_STANDALONE_APPLICATION=JucePlugin_Build_Standalone",
					"JUCER_XCODE_MAC_F6D2F4CF=1",
					"JUCE_APP_VERSION=1.0.0",
					"JUCE_APP_VERSION_HEX=0x10000",
				);
				GCC_VERSION = com.apple.compilers.llvm.clang.1_0;
				GENERATE_PKGINFO_FILE = YES;
				HEADER_SEARCH_PATHS = (
					"$(HOME)/JUCE/modules/juce_audio_processors_headless/format_types/VST3_SDK",
					"$(SRCROOT)/../../JuceLibraryCode",
					"$(HOME)/JUCE/modules",
					"$(HOME)/JUCE/modules/juce_audio_plugin_client/AU",
					"$(inherited)",
				);
				INFOPLIST_FILE = Info-VST3.plist;
				INFOPLIST_PREPROCESS = NO;
				INSTALL_PATH = "$(HOME)/Library/Audio/Plug-Ins/VST3/";
				LIBRARY_STYLE = Bundle;
				MACOSX_DEPLOYMENT_TARGET = 10.13;
				MTL_HEADER_SEARCH_PATHS = "$(HOME)/JUCE/modules/juce_audio_processors_headless/format_types/VST3_SDK $(SRCROOT)/../../JuceLibraryCode $(HOME)/JUCE/modules $(HOME)/JUCE/modules/juce_audio_plugin_client/AU";
				OTHER_LDFLAGS = "-bundle -lParallax";
				PRODUCT_BUNDLE_IDENTIFIER = com.SoundMakersLab.Parallax;
				PRODUCT_NAME = "Parallax";
				USE_HEADERMAP = NO;
				VALID_ARCHS = "i386 x86_64 arm64 arm64e";
				WRAPPER_EXTENSION = vst3;
			};
			name = Debug;
		};
		17D52DF49BDBF7F3F2AF552B /* Release */ = {
			isa = XCBuildConfiguration;
			buildSettings = {
				CLANG_CXX_LANGUAGE_STANDARD = "c++17";
				CLANG_CXX_LIBRARY = "libc++";
				CLANG_LINK_OBJC_RUNTIME = NO;
				COMBINE_HIDPI_IMAGES = YES;
				CONFIGURATION_BUILD_DIR = "$(PROJECT_DIR)/build/$(CONFIGURATION)";
				DEAD_CODE_STRIPPING = YES;
				EXCLUDED_ARCHS = "";
				GCC_GENERATE_DEBUGGING_SYMBOLS = NO;
				GCC_OPTIMIZATION_LEVEL = 3;
				GCC_PREPROCESSOR_DEFINITIONS = (
					"_NDEBUG=1",
					"NDEBUG=1",
					"JUCE_PROJUCER_VERSION=0x8000c",
					"JUCE_MODULE_AVAILABLE_juce_audio_basics=1",
					"JUCE_MODULE_AVAILABLE_juce_audio_devices=1",
					"JUCE_MODULE_AVAILABLE_juce_audio_formats=1",
					"JUCE_MODULE_AVAILABLE_juce_audio_plugin_client=1",
					"JUCE_MODULE_AVAILABLE_juce_audio_processors=1",
					"JUCE_MODULE_AVAILABLE_juce_audio_processors_headless=1",
					"JUCE_MODULE_AVAILABLE_juce_audio_utils=1",
					"JUCE_MODULE_AVAILABLE_juce_core=1",
					"JUCE_MODULE_AVAILABLE_juce_data_structures=1",
					"JUCE_MODULE_AVAILABLE_juce_dsp=1",
					"JUCE_MODULE_AVAILABLE_juce_events=1",
					"JUCE_MODULE_AVAILABLE_juce_graphics=1",
					"JUCE_MODULE_AVAILABLE_juce_gui_basics=1",
					"JUCE_MODULE_AVAILABLE_juce_gui_extra=1",
					"JUCE_GLOBAL_MODULE_SETTINGS_INCLUDED=1",
					"JUCE_VST3_CAN_REPLACE_VST2=0",
					"JUCE_STRICT_REFCOUNTEDPOINTER=1",
					"JucePlugin_Build_VST=0",
					"JucePlugin_Build_VST3=0",
					"JucePlugin_Build_AU=0",
					"JucePlugin_Build_AUv3=0",
					"JucePlugin_Build_AAX=0",
					"JucePlugin_Build_Standalone=0",
					"JucePlugin_Build_Unity=0",
					"JucePlugin_Build_LV2=0",
					"JucePlugin_Enable_IAA=0",
					"JucePlugin_Enable_ARA=0",
					"JucePlugin_Name=\\\"Parallax\\\"",
					"JucePlugin_Desc=\\\"Parallax\\\"",
					"JucePlugin_Manufacturer=\\\"SML\\\"",
					"JucePlugin_ManufacturerWebsite=\\\"www.soundmakerslab.com\\\"",
					"JucePlugin_ManufacturerEmail=\\\"support@soundmakerslab.com\\\"",
					"JucePlugin_ManufacturerCode=0x536d6c31",
					"JucePlugin_PluginCode=0x50726c78",
					"JucePlugin_IsSynth=0",
					"JucePlugin_WantsMidiInput=0",
					"JucePlugin_ProducesMidiOutput=0",
					"JucePlugin_IsMidiEffect=0",
					"JucePlugin_EditorRequiresKeyboardFocus=0",
					"JucePlugin_Version=1.0.0",
					"JucePlugin_VersionCode=0x10000",
					"JucePlugin_VersionString=\\\"1.0.0\\\"",
					"JucePlugin_VSTUniqueID=JucePlugin_PluginCode",
					"JucePlugin_VSTCategory=kPlugCategEffect",
					"JucePlugin_Vst3Category=\\\"Fx|Analyzer\\\"",
					"JucePlugin_AUMainType=\\'aufx\\'",
					"JucePlugin_AUSubType=JucePlugin_PluginCode",
					"JucePlugin_AUExportPrefix=ParallaxAU",
					"JucePlugin_AUExportPrefixQuoted=\\\"ParallaxAU\\\"",
					"JucePlugin_AUManufacturerCode=JucePlugin_ManufacturerCode",
					"JucePlugin_CFBundleIdentifier=com.SoundMakersLab.Parallax",
					"JucePlugin_AAXIdentifier=com.SoundMakersLab.Parallax",
					"JucePlugin_AAXManufacturerCode=JucePlugin_ManufacturerCode",
					"JucePlugin_AAXProductId=JucePlugin_PluginCode",
					"JucePlugin_AAXCategory=0",
					"JucePlugin_AAXDisableBypass=0",
					"JucePlugin_AAXDisableMultiMono=0",
					"JucePlugin_IAAType=0x61757278",
					"JucePlugin_IAASubType=JucePlugin_PluginCode",
					"JucePlugin_IAAName=\\\"SML:\\ Parallax\\\"",
					"JucePlugin_VSTNumMidiInputs=16",
					"JucePlugin_VSTNumMidiOutputs=16",
					"JucePlugin_ARAContentTypes=0",
					"JucePlugin_ARATransformationFlags=0",
					"JucePlugin_ARAFactoryID=\\\"com.SoundMakersLab.Parallax.factory\\\"",
					"JucePlugin_ARADocumentArchiveID=\\\"com.SoundMakersLab.Parallax.aradocumentarchive.1.0.0\\\"",
					"JucePlugin_ARACompatibleArchiveIDs=\\\"\\\"",
					"JUCE_STANDALONE_APPLICATION=JucePlugin_Build_Standalone",
					"JUCER_XCODE_MAC_F6D2F4CF=1",
					"JUCE_APP_VERSION=1.0.0",
					"JUCE_APP_VERSION_HEX=0x10000",
				);
				GCC_VERSION = com.apple.compilers.llvm.clang.1_0;
				HEADER_SEARCH_PATHS = (
					"$(HOME)/JUCE/modules/juce_audio_processors_headless/format_types/VST3_SDK",
					"$(SRCROOT)/../../JuceLibraryCode",
					"$(HOME)/JUCE/modules",
					"$(HOME)/JUCE/modules/juce_audio_plugin_client/AU",
					"$(inherited)",
				);
				INFOPLIST_FILE = Info-VST3_Manifest_Helper.plist;
				INFOPLIST_PREPROCESS = NO;
				LLVM_LTO = YES;
				MACOSX_DEPLOYMENT_TARGET = 10.13;
				MTL_HEADER_SEARCH_PATHS = "$(HOME)/JUCE/modules/juce_audio_processors_headless/format_types/VST3_SDK $(SRCROOT)/../../JuceLibraryCode $(HOME)/JUCE/modules $(HOME)/JUCE/modules/juce_audio_plugin_client/AU";
				PRODUCT_BUNDLE_IDENTIFIER = com.SoundMakersLab.Parallax;
				PRODUCT_NAME = "juce_vst3_helper";
				USE_HEADERMAP = NO;
				VALID_ARCHS = "i386 x86_64 arm64 arm64e";
			};
			name = Release;
		};
		24C137B68A6051FE5D33C38C /* Debug */ = {
			isa = XCBuildConfiguration;
			buildSettings = {
				CLANG_CXX_LANGUAGE_STANDARD = "c++17";
				CLANG_CXX_LIBRARY = "libc++";
				CLANG_LINK_OBJC_RUNTIME = NO;
				COMBINE_HIDPI_IMAGES = YES;
				CONFIGURATION_BUILD_DIR = "$(PROJECT_DIR)/build/$(CONFIGURATION)";
				COPY_PHASE_STRIP = NO;
				EXCLUDED_ARCHS = "";
				GCC_DYNAMIC_NO_PIC = NO;
				GCC_OPTIMIZATION_LEVEL = 0;
				GCC_PREPROCESSOR_DEFINITIONS = (
					"_DEBUG=1",
					"DEBUG=1",
					"JUCE_PROJUCER_VERSION=0x8000c",
					"JUCE_MODULE_AVAILABLE_juce_audio_basics=1",
					"JUCE_MODULE_AVAILABLE_juce_audio_devices=1",
					"JUCE_MODULE_AVAILABLE_juce_audio_formats=1",
					"JUCE_MODULE_AVAILABLE_juce_audio_plugin_client=1",
					"JUCE_MODULE_AVAILABLE_juce_audio_processors=1",
					"JUCE_MODULE_AVAILABLE_juce_audio_processors_headless=1",
					"JUCE_MODULE_AVAILABLE_juce_audio_utils=1",
					"JUCE_MODULE_AVAILABLE_juce_core=1",
					"JUCE_MODULE_AVAILABLE_juce_data_structures=1",
					"JUCE_MODULE_AVAILABLE_juce_dsp=1",
					"JUCE_MODULE_AVAILABLE_juce_events=1",
					"JUCE_MODULE_AVAILABLE_juce_graphics=1",
					"JUCE_MODULE_AVAILABLE_juce_gui_basics=1",
					"JUCE_MODULE_AVAILABLE_juce_gui_extra=1",
					"JUCE_GLOBAL_MODULE_SETTINGS_INCLUDED=1",
					"JUCE_VST3_CAN_REPLACE_VST2=0",
					"JUCE_STRICT_REFCOUNTEDPOINTER=1",
					"JucePlugin_Build_VST=0",
					"JucePlugin_Build_VST3=0",
					"JucePlugin_Build_AU=0",
					"JucePlugin_Build_AUv3=0",
					"JucePlugin_Build_AAX=0",
					"JucePlugin_Build_Standalone=0",
					"JucePlugin_Build_Unity=0",
					"JucePlugin_Build_LV2=0",
					"JucePlugin_Enable_IAA=0",
					"JucePlugin_Enable_ARA=0",
					"JucePlugin_Name=\\\"Parallax\\\"",
					"JucePlugin_Desc=\\\"Parallax\\\"",
					"JucePlugin_Manufacturer=\\\"SML\\\"",
					"JucePlugin_ManufacturerWebsite=\\\"www.soundmakerslab.com\\\"",
					"JucePlugin_ManufacturerEmail=\\\"support@soundmakerslab.com\\\"",
					"JucePlugin_ManufacturerCode=0x536d6c31",
					"JucePlugin_PluginCode=0x50726c78",
					"JucePlugin_IsSynth=0",
					"JucePlugin_WantsMidiInput=0",
					"JucePlugin_ProducesMidiOutput=0",
					"JucePlugin_IsMidiEffect=0",
					"JucePlugin_EditorRequiresKeyboardFocus=0",
					"JucePlugin_Version=1.0.0",
					"JucePlugin_VersionCode=0x10000",
					"JucePlugin_VersionString=\\\"1.0.0\\\"",
					"JucePlugin_VSTUniqueID=JucePlugin_PluginCode",
					"JucePlugin_VSTCategory=kPlugCategEffect",
					"JucePlugin_Vst3Category=\\\"Fx|Analyzer\\\"",
					"JucePlugin_AUMainType=\\'aufx\\'",
					"JucePlugin_AUSubType=JucePlugin_PluginCode",
					"JucePlugin_AUExportPrefix=ParallaxAU",
					"JucePlugin_AUExportPrefixQuoted=\\\"ParallaxAU\\\"",
					"JucePlugin_AUManufacturerCode=JucePlugin_ManufacturerCode",
					"JucePlugin_CFBundleIdentifier=com.SoundMakersLab.Parallax",
					"JucePlugin_AAXIdentifier=com.SoundMakersLab.Parallax",
					"JucePlugin_AAXManufacturerCode=JucePlugin_ManufacturerCode",
					"JucePlugin_AAXProductId=JucePlugin_PluginCode",
					"JucePlugin_AAXCategory=0",
					"JucePlugin_AAXDisableBypass=0",
					"JucePlugin_AAXDisableMultiMono=0",
					"JucePlugin_IAAType=0x61757278",
					"JucePlugin_IAASubType=JucePlugin_PluginCode",
					"JucePlugin_IAAName=\\\"SML:\\ Parallax\\\"",
					"JucePlugin_VSTNumMidiInputs=16",
					"JucePlugin_VSTNumMidiOutputs=16",
					"JucePlugin_ARAContentTypes=0",
					"JucePlugin_ARATransformationFlags=0",
					"JucePlugin_ARAFactoryID=\\\"com.SoundMakersLab.Parallax.factory\\\"",
					"JucePlugin_ARADocumentArchiveID=\\\"com.SoundMakersLab.Parallax.aradocumentarchive.1.0.0\\\"",
					"JucePlugin_ARACompatibleArchiveIDs=\\\"\\\"",
					"JUCE_STANDALONE_APPLICATION=JucePlugin_Build_Standalone",
					"JUCER_XCODE_MAC_F6D2F4CF=1",
					"JUCE_APP_VERSION=1.0.0",
					"JUCE_APP_VERSION_HEX=0x10000",
				);
				GCC_VERSION = com.apple.compilers.llvm.clang.1_0;
				HEADER_SEARCH_PATHS = (
					"$(HOME)/JUCE/modules/juce_audio_processors_headless/format_types/VST3_SDK",
					"$(SRCROOT)/../../JuceLibraryCode",
					"$(HOME)/JUCE/modules",
					"$(HOME)/JUCE/modules/juce_audio_plugin_client/AU",
					"$(inherited)",
				);
				INFOPLIST_FILE = Info-VST3_Manifest_Helper.plist;
				INFOPLIST_PREPROCESS = NO;
				MACOSX_DEPLOYMENT_TARGET = 10.13;
				MTL_HEADER_SEARCH_PATHS = "$(HOME)/JUCE/modules/juce_audio_processors_headless/format_types/VST3_SDK $(SRCROOT)/../../JuceLibraryCode $(HOME)/JUCE/modules $(HOME)/JUCE/modules/juce_audio_plugin_client/AU";
				PRODUCT_BUNDLE_IDENTIFIER = com.SoundMakersLab.Parallax;
				PRODUCT_NAME = "juce_vst3_helper";
				USE_HEADERMAP = NO;
				VALID_ARCHS = "i386 x86_64 arm64 arm64e";
			};
			name = Debug;
		};
		3CB1EC22A40B9945E5565427 /* Release */ = {
			isa = XCBuildConfiguration;
			buildSettings = {
				CLANG_CXX_LANGUAGE_STANDARD = "c++17";
				CLANG_CXX_LIBRARY = "libc++";
				CLANG_LINK_OBJC_RUNTIME = NO;
				COMBINE_HIDPI_IMAGES = YES;
				CONFIGURATION_BUILD_DIR = "$(PROJECT_DIR)/build/$(CONFIGURATION)";
				DEAD_CODE_STRIPPING = YES;
				EXCLUDED_ARCHS = "";
				GCC_GENERATE_DEBUGGING_SYMBOLS = NO;
				GCC_OPTIMIZATION_LEVEL = 3;
				GCC_PREPROCESSOR_DEFINITIONS = (
					"_NDEBUG=1",
					"NDEBUG=1",
					"JUCE_PROJUCER_VERSION=0x8000c",
					"JUCE_MODULE_AVAILABLE_juce_audio_basics=1",
					"JUCE_MODULE_AVAILABLE_juce_audio_devices=1",
					"JUCE_MODULE_AVAILABLE_juce_audio_formats=1",
					"JUCE_MODULE_AVAILABLE_juce_audio_plugin_client=1",
					"JUCE_MODULE_AVAILABLE_juce_audio_processors=1",
					"JUCE_MODULE_AVAILABLE_juce_audio_processors_headless=1",
					"JUCE_MODULE_AVAILABLE_juce_audio_utils=1",
					"JUCE_MODULE_AVAILABLE_juce_core=1",
					"JUCE_MODULE_AVAILABLE_juce_data_structures=1",
					"JUCE_MODULE_AVAILABLE_juce_dsp=1",
					"JUCE_MODULE_AVAILABLE_juce_events=1",
					"JUCE_MODULE_AVAILABLE_juce_graphics=1",
					"JUCE_MODULE_AVAILABLE_juce_gui_basics=1",
					"JUCE_MODULE_AVAILABLE_juce_gui_extra=1",
					"JUCE_GLOBAL_MODULE_SETTINGS_INCLUDED=1",
					"JUCE_VST3_CAN_REPLACE_VST2=0",
					"JUCE_STRICT_REFCOUNTEDPOINTER=1",
					"JucePlugin_Build_VST=0",
					"JucePlugin_Build_VST3=1",
					"JucePlugin_Build_AU=0",
					"JucePlugin_Build_AUv3=0",
					"JucePlugin_Build_AAX=0",
					"JucePlugin_Build_Standalone=0",
					"JucePlugin_Build_Unity=0",
					"JucePlugin_Build_LV2=0",
					"JucePlugin_Enable_IAA=0",
					"JucePlugin_Enable_ARA=0",
					"JucePlugin_Name=\\\"Parallax\\\"",
					"JucePlugin_Desc=\\\"Parallax\\\"",
					"JucePlugin_Manufacturer=\\\"SML\\\"",
					"JucePlugin_ManufacturerWebsite=\\\"www.soundmakerslab.com\\\"",
					"JucePlugin_ManufacturerEmail=\\\"support@soundmakerslab.com\\\"",
					"JucePlugin_ManufacturerCode=0x536d6c31",
					"JucePlugin_PluginCode=0x50726c78",
					"JucePlugin_IsSynth=0",
					"JucePlugin_WantsMidiInput=0",
					"JucePlugin_ProducesMidiOutput=0",
					"JucePlugin_IsMidiEffect=0",
					"JucePlugin_EditorRequiresKeyboardFocus=0",
					"JucePlugin_Version=1.0.0",
					"JucePlugin_VersionCode=0x10000",
					"JucePlugin_VersionString=\\\"1.0.0\\\"",
					"JucePlugin_VSTUniqueID=JucePlugin_PluginCode",
					"JucePlugin_VSTCategory=kPlugCategEffect",
					"JucePlugin_Vst3Category=\\\"Fx|Analyzer\\\"",
					"JucePlugin_AUMainType=\\'aufx\\'",
					"JucePlugin_AUSubType=JucePlugin_PluginCode",
					"JucePlugin_AUExportPrefix=ParallaxAU",
					"JucePlugin_AUExportPrefixQuoted=\\\"ParallaxAU\\\"",
					"JucePlugin_AUManufacturerCode=JucePlugin_ManufacturerCode",
					"JucePlugin_CFBundleIdentifier=com.SoundMakersLab.Parallax",
					"JucePlugin_AAXIdentifier=com.SoundMakersLab.Parallax",
					"JucePlugin_AAXManufacturerCode=JucePlugin_ManufacturerCode",
					"JucePlugin_AAXProductId=JucePlugin_PluginCode",
					"JucePlugin_AAXCategory=0",
					"JucePlugin_AAXDisableBypass=0",
					"JucePlugin_AAXDisableMultiMono=0",
					"JucePlugin_IAAType=0x61757278",
					"JucePlugin_IAASubType=JucePlugin_PluginCode",
					"JucePlugin_IAAName=\\\"SML:\\ Parallax\\\"",
					"JucePlugin_VSTNumMidiInputs=16",
					"JucePlugin_VSTNumMidiOutputs=16",
					"JucePlugin_ARAContentTypes=0",
					"JucePlugin_ARATransformationFlags=0",
					"JucePlugin_ARAFactoryID=\\\"com.SoundMakersLab.Parallax.factory\\\"",
					"JucePlugin_ARADocumentArchiveID=\\\"com.SoundMakersLab.Parallax.aradocumentarchive.1.0.0\\\"",
					"JucePlugin_ARACompatibleArchiveIDs=\\\"\\\"",
					"JUCE_STANDALONE_APPLICATION=JucePlugin_Build_Standalone",
					"JUCER_XCODE_MAC_F6D2F4CF=1",
					"JUCE_APP_VERSION=1.0.0",
					"JUCE_APP_VERSION_HEX=0x10000",
				);
				GCC_VERSION = com.apple.compilers.llvm.clang.1_0;
				GENERATE_PKGINFO_FILE = YES;
				HEADER_SEARCH_PATHS = (
					"$(HOME)/JUCE/modules/juce_audio_processors_headless/format_types/VST3_SDK",
					"$(SRCROOT)/../../JuceLibraryCode",
					"$(HOME)/JUCE/modules",
					"$(HOME)/JUCE/modules/juce_audio_plugin_client/AU",
					"$(inherited)",
				);
				INFOPLIST_FILE = Info-VST3.plist;
				INFOPLIST_PREPROCESS = NO;
				INSTALL_PATH = "$(HOME)/Library/Audio/Plug-Ins/VST3/";
				LIBRARY_STYLE = Bundle;
				LLVM_LTO = YES;
				MACOSX_DEPLOYMENT_TARGET = 10.13;
				MTL_HEADER_SEARCH_PATHS = "$(HOME)/JUCE/modules/juce_audio_processors_headless/format_types/VST3_SDK $(SRCROOT)/../../JuceLibraryCode $(HOME)/JUCE/modules $(HOME)/JUCE/modules/juce_audio_plugin_client/AU";
				OTHER_LDFLAGS = "-bundle -lParallax";
				PRODUCT_BUNDLE_IDENTIFIER = com.SoundMakersLab.Parallax;
				PRODUCT_NAME = "Parallax";
				USE_HEADERMAP = NO;
				VALID_ARCHS = "i386 x86_64 arm64 arm64e";
				WRAPPER_EXTENSION = vst3;
			};
			name = Release;
		};
		60271597379B94E28900C62D /* Release */ = {
			isa = XCBuildConfiguration;
			buildSettings = {
				ALWAYS_SEARCH_USER_PATHS = NO;
				CLANG_ENABLE_OBJC_WEAK = YES;
				CLANG_WARN_BLOCK_CAPTURE_AUTORELEASING = YES;
				CLANG_WARN_BOOL_CONVERSION = YES;
				CLANG_WARN_COMMA = YES;
				CLANG_WARN_CONSTANT_CONVERSION = YES;
				CLANG_WARN_DEPRECATED_OBJC_IMPLEMENTATIONS = YES;
				CLANG_WARN_EMPTY_BODY = YES;
				CLANG_WARN_ENUM_CONVERSION = YES;
				CLANG_WARN_INFINITE_RECURSION = YES;
				CLANG_WARN_INT_CONVERSION = YES;
				CLANG_WARN_NON_LITERAL_NULL_CONVERSION = YES;
				CLANG_WARN_OBJC_IMPLICIT_RETAIN_SELF = YES;
				CLANG_WARN_OBJC_LITERAL_CONVERSION = YES;
				CLANG_WARN_RANGE_LOOP_ANALYSIS = YES;
				CLANG_WARN_STRICT_PROTOTYPES = YES;
				CLANG_WARN_SUSPICIOUS_MOVE = YES;
				CLANG_WARN_UNREACHABLE_CODE = YES;
				CLANG_WARN__DUPLICATE_METHOD_MATCH = YES;
				DEBUG_INFORMATION_FORMAT = dwarf;
				ENABLE_STRICT_OBJC_MSGSEND = YES;
				ENABLE_TESTABILITY = NO;
				GCC_C_LANGUAGE_STANDARD = c11;
				GCC_INLINES_ARE_PRIVATE_EXTERN = YES;
				GCC_MODEL_TUNING = G5;
				GCC_NO_COMMON_BLOCKS = YES;
				GCC_SYMBOLS_PRIVATE_EXTERN = YES;
				GCC_WARN_64_TO_32_BIT_CONVERSION = YES;
				GCC_WARN_ABOUT_RETURN_TYPE = YES;
				GCC_WARN_CHECK_SWITCH_STATEMENTS = YES;
				GCC_WARN_MISSING_PARENTHESES = YES;
				GCC_WARN_NON_VIRTUAL_DESTRUCTOR = YES;
				GCC_WARN_TYPECHECK_CALLS_TO_PRINTF = YES;
				GCC_WARN_UNDECLARED_SELECTOR = YES;
				GCC_WARN_UNINITIALIZED_AUTOS = YES;
				GCC_WARN_UNUSED_FUNCTION = YES;
				GCC_WARN_UNUSED_VARIABLE = YES;
				OTHER_CODE_SIGN_FLAGS = --timestamp;
				PRODUCT_NAME = "Parallax";
				SDKROOT = macosx;
				WARNING_CFLAGS = "-Wreorder";
				ZERO_LINK = NO;
			};
			name = Release;
		};
		7970347CD39B3E25325CE972 /* Release */ = {
			isa = XCBuildConfiguration;
			buildSettings = {
				CLANG_CXX_LANGUAGE_STANDARD = "c++17";
				CLANG_CXX_LIBRARY = "libc++";
				CLANG_LINK_OBJC_RUNTIME = NO;
				COMBINE_HIDPI_IMAGES = YES;
				CONFIGURATION_BUILD_DIR = "$(PROJECT_DIR)/build/$(CONFIGURATION)";
				DEAD_CODE_STRIPPING = YES;
				EXCLUDED_ARCHS = "";
				GCC_GENERATE_DEBUGGING_SYMBOLS = NO;
				GCC_OPTIMIZATION_LEVEL = 3;
				GCC_PREPROCESSOR_DEFINITIONS = (
					"_NDEBUG=1",
					"NDEBUG=1",
					"JUCE_PROJUCER_VERSION=0x8000c",
					"JUCE_MODULE_AVAILABLE_juce_audio_basics=1",
					"JUCE_MODULE_AVAILABLE_juce_audio_devices=1",
					"JUCE_MODULE_AVAILABLE_juce_audio_formats=1",
					"JUCE_MODULE_AVAILABLE_juce_audio_plugin_client=1",
					"JUCE_MODULE_AVAILABLE_juce_audio_processors=1",
					"JUCE_MODULE_AVAILABLE_juce_audio_processors_headless=1",
					"JUCE_MODULE_AVAILABLE_juce_audio_utils=1",
					"JUCE_MODULE_AVAILABLE_juce_core=1",
					"JUCE_MODULE_AVAILABLE_juce_data_structures=1",
					"JUCE_MODULE_AVAILABLE_juce_dsp=1",
					"JUCE_MODULE_AVAILABLE_juce_events=1",
					"JUCE_MODULE_AVAILABLE_juce_graphics=1",
					"JUCE_MODULE_AVAILABLE_juce_gui_basics=1",
					"JUCE_MODULE_AVAILABLE_juce_gui_extra=1",
					"JUCE_GLOBAL_MODULE_SETTINGS_INCLUDED=1",
					"JUCE_VST3_CAN_REPLACE_VST2=0",
					"JUCE_STRICT_REFCOUNTEDPOINTER=1",
					"JucePlugin_Build_VST=0",
					"JucePlugin_Build_VST3=1",
					"JucePlugin_Build_AU=0",
					"JucePlugin_Build_AUv3=0",
					"JucePlugin_Build_AAX=0",
					"JucePlugin_Build_Standalone=0",
					"JucePlugin_Build_Unity=0",
					"JucePlugin_Build_LV2=0",
					"JucePlugin_Enable_IAA=0",
					"JucePlugin_Enable_ARA=0",
					"JucePlugin_Name=\\\"Parallax\\\"",
					"JucePlugin_Desc=\\\"Parallax\\\"",
					"JucePlugin_Manufacturer=\\\"SML\\\"",
					"JucePlugin_ManufacturerWebsite=\\\"www.soundmakerslab.com\\\"",
					"JucePlugin_ManufacturerEmail=\\\"support@soundmakerslab.com\\\"",
					"JucePlugin_ManufacturerCode=0x536d6c31",
					"JucePlugin_PluginCode=0x50726c78",
					"JucePlugin_IsSynth=0",
					"JucePlugin_WantsMidiInput=0",
					"JucePlugin_ProducesMidiOutput=0",
					"JucePlugin_IsMidiEffect=0",
					"JucePlugin_EditorRequiresKeyboardFocus=0",
					"JucePlugin_Version=1.0.0",
					"JucePlugin_VersionCode=0x10000",
					"JucePlugin_VersionString=\\\"1.0.0\\\"",
					"JucePlugin_VSTUniqueID=JucePlugin_PluginCode",
					"JucePlugin_VSTCategory=kPlugCategEffect",
					"JucePlugin_Vst3Category=\\\"Fx|Analyzer\\\"",
					"JucePlugin_AUMainType=\\'aufx\\'",
					"JucePlugin_AUSubType=JucePlugin_PluginCode",
					"JucePlugin_AUExportPrefix=ParallaxAU",
					"JucePlugin_AUExportPrefixQuoted=\\\"ParallaxAU\\\"",
					"JucePlugin_AUManufacturerCode=JucePlugin_ManufacturerCode",
					"JucePlugin_CFBundleIdentifier=com.SoundMakersLab.Parallax",
					"JucePlugin_AAXIdentifier=com.SoundMakersLab.Parallax",
					"JucePlugin_AAXManufacturerCode=JucePlugin_ManufacturerCode",
					"JucePlugin_AAXProductId=JucePlugin_PluginCode",
					"JucePlugin_AAXCategory=0",
					"JucePlugin_AAXDisableBypass=0",
					"JucePlugin_AAXDisableMultiMono=0",
					"JucePlugin_IAAType=0x61757278",
					"JucePlugin_IAASubType=JucePlugin_PluginCode",
					"JucePlugin_IAAName=\\\"SML:\\ Parallax\\\"",
					"JucePlugin_VSTNumMidiInputs=16",
					"JucePlugin_VSTNumMidiOutputs=16",
					"JucePlugin_ARAContentTypes=0",
					"JucePlugin_ARATransformationFlags=0",
					"JucePlugin_ARAFactoryID=\\\"com.SoundMakersLab.Parallax.factory\\\"",
					"JucePlugin_ARADocumentArchiveID=\\\"com.SoundMakersLab.Parallax.aradocumentarchive.1.0.0\\\"",
					"JucePlugin_ARACompatibleArchiveIDs=\\\"\\\"",
					"JUCE_STANDALONE_APPLICATION=JucePlugin_Build_Standalone",
					"JUCER_XCODE_MAC_F6D2F4CF=1",
					"JUCE_APP_VERSION=1.0.0",
					"JUCE_APP_VERSION_HEX=0x10000",
					"JUCE_SHARED_CODE=1",
				);
				GCC_VERSION = com.apple.compilers.llvm.clang.1_0;
				HEADER_SEARCH_PATHS = (
					"$(HOME)/JUCE/modules/juce_audio_processors_headless/format_types/VST3_SDK",
					"$(SRCROOT)/../../JuceLibraryCode",
					"$(HOME)/JUCE/modules",
					"$(HOME)/JUCE/modules/juce_audio_plugin_client/AU",
					"$(inherited)",
				);
				INSTALL_PATH = "@executable_path/../Frameworks";
				LLVM_LTO = YES;
				MACOSX_DEPLOYMENT_TARGET = 10.13;
				MTL_HEADER_SEARCH_PATHS = "$(HOME)/JUCE/modules/juce_audio_processors_headless/format_types/VST3_SDK $(SRCROOT)/../../JuceLibraryCode $(HOME)/JUCE/modules $(HOME)/JUCE/modules/juce_audio_plugin_client/AU";
				PRODUCT_BUNDLE_IDENTIFIER = com.SoundMakersLab.Parallax;
				PRODUCT_NAME = "Parallax";
				SKIP_INSTALL = YES;
				USE_HEADERMAP = NO;
				VALID_ARCHS = "i386 x86_64 arm64 arm64e";
			};
			name = Release;
		};
		AEC8C3F7BE8EA1CC09A5E311 /* Release */ = {
			isa = XCBuildConfiguration;
			buildSettings = {
				MACOSX_DEPLOYMENT_TARGET = 10.13;
				SDKROOT = macosx;
			};
			name = Release;
		};
		B440B652E4A59308E6C05B49 /* Debug */ = {
			isa = XCBuildConfiguration;
			buildSettings = {
				MACOSX_DEPLOYMENT_TARGET = 10.13;
				SDKROOT = macosx;
			};
			name = Debug;
		};
		C65EFDCBC246537563584D29 /* Debug */ = {
			isa = XCBuildConfiguration;
			buildSettings = {
				CLANG_CXX_LANGUAGE_STANDARD = "c++17";
				CLANG_CXX_LIBRARY = "libc++";
				CLANG_LINK_OBJC_RUNTIME = NO;
				COMBINE_HIDPI_IMAGES = YES;
				CONFIGURATION_BUILD_DIR = "$(PROJECT_DIR)/build/$(CONFIGURATION)";
				COPY_PHASE_STRIP = NO;
				EXCLUDED_ARCHS = "";
				GCC_DYNAMIC_NO_PIC = NO;
				GCC_OPTIMIZATION_LEVEL = 0;
				GCC_PREPROCESSOR_DEFINITIONS = (
					"_DEBUG=1",
					"DEBUG=1",
					"JUCE_PROJUCER_VERSION=0x8000c",
					"JUCE_MODULE_AVAILABLE_juce_audio_basics=1",
					"JUCE_MODULE_AVAILABLE_juce_audio_devices=1",
					"JUCE_MODULE_AVAILABLE_juce_audio_formats=1",
					"JUCE_MODULE_AVAILABLE_juce_audio_plugin_client=1",
					"JUCE_MODULE_AVAILABLE_juce_audio_processors=1",
					"JUCE_MODULE_AVAILABLE_juce_audio_processors_headless=1",
					"JUCE_MODULE_AVAILABLE_juce_audio_utils=1",
					"JUCE_MODULE_AVAILABLE_juce_core=1",
					"JUCE_MODULE_AVAILABLE_juce_data_structures=1",
					"JUCE_MODULE_AVAILABLE_juce_dsp=1",
					"JUCE_MODULE_AVAILABLE_juce_events=1",
					"JUCE_MODULE_AVAILABLE_juce_graphics=1",
					"JUCE_MODULE_AVAILABLE_juce_gui_basics=1",
					"JUCE_MODULE_AVAILABLE_juce_gui_extra=1",
					"JUCE_GLOBAL_MODULE_SETTINGS_INCLUDED=1",
					"JUCE_VST3_CAN_REPLACE_VST2=0",
					"JUCE_STRICT_REFCOUNTEDPOINTER=1",
					"JucePlugin_Build_VST=0",
					"JucePlugin_Build_VST3=1",
					"JucePlugin_Build_AU=0",
					"JucePlugin_Build_AUv3=0",
					"JucePlugin_Build_AAX=0",
					"JucePlugin_Build_Standalone=0",
					"JucePlugin_Build_Unity=0",
					"JucePlugin_Build_LV2=0",
					"JucePlugin_Enable_IAA=0",
					"JucePlugin_Enable_ARA=0",
					"JucePlugin_Name=\\\"Parallax\\\"",
					"JucePlugin_Desc=\\\"Parallax\\\"",
					"JucePlugin_Manufacturer=\\\"SML\\\"",
					"JucePlugin_ManufacturerWebsite=\\\"www.soundmakerslab.com\\\"",
					"JucePlugin_ManufacturerEmail=\\\"support@soundmakerslab.com\\\"",
					"JucePlugin_ManufacturerCode=0x536d6c31",
					"JucePlugin_PluginCode=0x50726c78",
					"JucePlugin_IsSynth=0",
					"JucePlugin_WantsMidiInput=0",
					"JucePlugin_ProducesMidiOutput=0",
					"JucePlugin_IsMidiEffect=0",
					"JucePlugin_EditorRequiresKeyboardFocus=0",
					"JucePlugin_Version=1.0.0",
					"JucePlugin_VersionCode=0x10000",
					"JucePlugin_VersionString=\\\"1.0.0\\\"",
					"JucePlugin_VSTUniqueID=JucePlugin_PluginCode",
					"JucePlugin_VSTCategory=kPlugCategEffect",
					"JucePlugin_Vst3Category=\\\"Fx|Analyzer\\\"",
					"JucePlugin_AUMainType=\\'aufx\\'",
					"JucePlugin_AUSubType=JucePlugin_PluginCode",
					"JucePlugin_AUExportPrefix=ParallaxAU",
					"JucePlugin_AUExportPrefixQuoted=\\\"ParallaxAU\\\"",
					"JucePlugin_AUManufacturerCode=JucePlugin_ManufacturerCode",
					"JucePlugin_CFBundleIdentifier=com.SoundMakersLab.Parallax",
					"JucePlugin_AAXIdentifier=com.SoundMakersLab.Parallax",
					"JucePlugin_AAXManufacturerCode=JucePlugin_ManufacturerCode",
					"JucePlugin_AAXProductId=JucePlugin_PluginCode",
					"JucePlugin_AAXCategory=0",
					"JucePlugin_AAXDisableBypass=0",
					"JucePlugin_AAXDisableMultiMono=0",
					"JucePlugin_IAAType=0x61757278",
					"JucePlugin_IAASubType=JucePlugin_PluginCode",
					"JucePlugin_IAAName=\\\"SML:\\ Parallax\\\"",
					"JucePlugin_VSTNumMidiInputs=16",
					"JucePlugin_VSTNumMidiOutputs=16",
					"JucePlugin_ARAContentTypes=0",
					"JucePlugin_ARATransformationFlags=0",
					"JucePlugin_ARAFactoryID=\\\"com.SoundMakersLab.Parallax.factory\\\"",
					"JucePlugin_ARADocumentArchiveID=\\\"com.SoundMakersLab.Parallax.aradocumentarchive.1.0.0\\\"",
					"JucePlugin_ARACompatibleArchiveIDs=\\\"\\\"",
					"JUCE_STANDALONE_APPLICATION=JucePlugin_Build_Standalone",
					"JUCER_XCODE_MAC_F6D2F4CF=1",
					"JUCE_APP_VERSION=1.0.0",
					"JUCE_APP_VERSION_HEX=0x10000",
					"JUCE_SHARED_CODE=1",
				);
				GCC_VERSION = com.apple.compilers.llvm.clang.1_0;
				HEADER_SEARCH_PATHS = (
					"$(HOME)/JUCE/modules/juce_audio_processors_headless/format_types/VST3_SDK",
					"$(SRCROOT)/../../JuceLibraryCode",
					"$(HOME)/JUCE/modules",
					"$(HOME)/JUCE/modules/juce_audio_plugin_client/AU",
					"$(inherited)",
				);
				INSTALL_PATH = "@executable_path/../Frameworks";
				MACOSX_DEPLOYMENT_TARGET = 10.13;
				MTL_HEADER_SEARCH_PATHS = "$(HOME)/JUCE/modules/juce_audio_processors_headless/format_types/VST3_SDK $(SRCROOT)/../../JuceLibraryCode $(HOME)/JUCE/modules $(HOME)/JUCE/modules/juce_audio_plugin_client/AU";
				PRODUCT_BUNDLE_IDENTIFIER = com.SoundMakersLab.Parallax;
				PRODUCT_NAME = "Parallax";
				SKIP_INSTALL = YES;
				USE_HEADERMAP = NO;
				VALID_ARCHS = "i386 x86_64 arm64 arm64e";
			};
			name = Debug;
		};
		E266CDDCDA362990CC08FCD9 /* Debug */ = {
			isa = XCBuildConfiguration;
			buildSettings = {
				ALWAYS_SEARCH_USER_PATHS = NO;
				CLANG_ENABLE_OBJC_WEAK = YES;
				CLANG_WARN_BLOCK_CAPTURE_AUTORELEASING = YES;
				CLANG_WARN_BOOL_CONVERSION = YES;
				CLANG_WARN_COMMA = YES;
				CLANG_WARN_CONSTANT_CONVERSION = YES;
				CLANG_WARN_DEPRECATED_OBJC_IMPLEMENTATIONS = YES;
				CLANG_WARN_EMPTY_BODY = YES;
				CLANG_WARN_ENUM_CONVERSION = YES;
				CLANG_WARN_INFINITE_RECURSION = YES;
				CLANG_WARN_INT_CONVERSION = YES;
				CLANG_WARN_NON_LITERAL_NULL_CONVERSION = YES;
				CLANG_WARN_OBJC_IMPLICIT_RETAIN_SELF = YES;
				CLANG_WARN_OBJC_LITERAL_CONVERSION = YES;
				CLANG_WARN_RANGE_LOOP_ANALYSIS = YES;
				CLANG_WARN_STRICT_PROTOTYPES = YES;
				CLANG_WARN_SUSPICIOUS_MOVE = YES;
				CLANG_WARN_UNREACHABLE_CODE = YES;
				CLANG_WARN__DUPLICATE_METHOD_MATCH = YES;
				DEBUG_INFORMATION_FORMAT = dwarf;
				ENABLE_STRICT_OBJC_MSGSEND = YES;
				ENABLE_TESTABILITY = NO;
				GCC_C_LANGUAGE_STANDARD = c11;
				GCC_INLINES_ARE_PRIVATE_EXTERN = YES;
				GCC_MODEL_TUNING = G5;
				GCC_NO_COMMON_BLOCKS = YES;
				GCC_SYMBOLS_PRIVATE_EXTERN = YES;
				GCC_WARN_64_TO_32_BIT_CONVERSION = YES;
				GCC_WARN_ABOUT_RETURN_TYPE = YES;
				GCC_WARN_CHECK_SWITCH_STATEMENTS = YES;
				GCC_WARN_MISSING_PARENTHESES = YES;
				GCC_WARN_NON_VIRTUAL_DESTRUCTOR = YES;
				GCC_WARN_TYPECHECK_CALLS_TO_PRINTF = YES;
				GCC_WARN_UNDECLARED_SELECTOR = YES;
				GCC_WARN_UNINITIALIZED_AUTOS = YES;
				GCC_WARN_UNUSED_FUNCTION = YES;
				GCC_WARN_UNUSED_VARIABLE = YES;
				ONLY_ACTIVE_ARCH = YES;
				OTHER_CODE_SIGN_FLAGS = --timestamp;
				PRODUCT_NAME = "Parallax";
				SDKROOT = macosx;
				WARNING_CFLAGS = "-Wreorder";
				ZERO_LINK = NO;
			};
			name = Debug;
		};
/* End XCBuildConfiguration section */

/* Begin XCConfigurationList section */
		48653834560BC3C0929815E0 = {
			isa = XCConfigurationList;
			buildConfigurations = (
				B440B652E4A59308E6C05B49,
				AEC8C3F7BE8EA1CC09A5E311,
			);
			defaultConfigurationIsVisible = 0;
			defaultConfigurationName = Debug;
		};
		667A3561C06DEA9844047C60 = {
			isa = XCConfigurationList;
			buildConfigurations = (
				111316438F67A0DA46FB0AD5,
				3CB1EC22A40B9945E5565427,
			);
			defaultConfigurationIsVisible = 0;
			defaultConfigurationName = Debug;
		};
		C50CE52039F0A5EB5720879D = {
			isa = XCConfigurationList;
			buildConfigurations = (
				60271597379B94E28900C62D,
				E266CDDCDA362990CC08FCD9,
			);
			defaultConfigurationIsVisible = 0;
			defaultConfigurationName = Debug;
		};
		D66AF7677BE9A2F657562FFF = {
			isa = XCConfigurationList;
			buildConfigurations = (
				C65EFDCBC246537563584D29,
				7970347CD39B3E25325CE972,
			);
			defaultConfigurationIsVisible = 0;
			defaultConfigurationName = Debug;
		};
		FC768E9B42F6C36FC386F753 = {
			isa = XCConfigurationList;
			buildConfigurations = (
				24C137B68A6051FE5D33C38C,
				17D52DF49BDBF7F3F2AF552B,
			);
			defaultConfigurationIsVisible = 0;
			defaultConfigurationName = Debug;
		};
/* End XCConfigurationList section */
	};
	rootObject = EDE1076AB4095A0E9CE198EB /* Project object */;
}
